// !$*UTF8*$!
{
	archiveVersion = 1;
	classes = {
	};
	objectVersion = 46;
	objects = {

/* Begin PBXBuildFile section */
		C32EB4181DD8191C006A0504 /* PhotoColor.swift in Sources */ = {isa = PBXBuildFile; fileRef = C32EB4171DD8191C006A0504 /* PhotoColor.swift */; };
		C332B2541DD85E890037A782 /* AudioKit.framework in Frameworks */ = {isa = PBXBuildFile; fileRef = C332B2531DD85E890037A782 /* AudioKit.framework */; };
		C3995D531DD80F500017E5CB /* HostViewController.swift in Sources */ = {isa = PBXBuildFile; fileRef = C3995D521DD80F500017E5CB /* HostViewController.swift */; };
		C3995D561DD80FB20017E5CB /* Alamofire.framework in Frameworks */ = {isa = PBXBuildFile; fileRef = C3995D541DD80FB20017E5CB /* Alamofire.framework */; };
		C3995D571DD80FB20017E5CB /* SwiftyJSON.framework in Frameworks */ = {isa = PBXBuildFile; fileRef = C3995D551DD80FB20017E5CB /* SwiftyJSON.framework */; };
		C3995D591DD810830017E5CB /* AlertPresenter.swift in Sources */ = {isa = PBXBuildFile; fileRef = C3995D581DD810830017E5CB /* AlertPresenter.swift */; };
		C3995D5C1DD810C60017E5CB /* ImageUploader.swift in Sources */ = {isa = PBXBuildFile; fileRef = C3995D5B1DD810C60017E5CB /* ImageUploader.swift */; };
		C3995D5E1DD810FF0017E5CB /* CustomAlertPresentationType.swift in Sources */ = {isa = PBXBuildFile; fileRef = C3995D5D1DD810FF0017E5CB /* CustomAlertPresentationType.swift */; };
		C3995D611DD8115E0017E5CB /* UIViewController.swift in Sources */ = {isa = PBXBuildFile; fileRef = C3995D601DD8115E0017E5CB /* UIViewController.swift */; };
		C3995D641DD811BF0017E5CB /* DynamicImageView.swift in Sources */ = {isa = PBXBuildFile; fileRef = C3995D631DD811BF0017E5CB /* DynamicImageView.swift */; };
		C3A534A21DD8317E00FC3B41 /* Global.swift in Sources */ = {isa = PBXBuildFile; fileRef = C3A534A11DD8317E00FC3B41 /* Global.swift */; };
		C3A534A41DD85B7700FC3B41 /* VerifyVoiceKeyViewController.swift in Sources */ = {isa = PBXBuildFile; fileRef = C3A534A31DD85B7700FC3B41 /* VerifyVoiceKeyViewController.swift */; };
		C3A534A61DD85BEB00FC3B41 /* Speech.framework in Frameworks */ = {isa = PBXBuildFile; fileRef = C3A534A51DD85BEB00FC3B41 /* Speech.framework */; };
		C3E140AF1DD7F46A00C392D5 /* AppDelegate.swift in Sources */ = {isa = PBXBuildFile; fileRef = C3E140AE1DD7F46A00C392D5 /* AppDelegate.swift */; };
		C3E140B41DD7F46A00C392D5 /* Main.storyboard in Resources */ = {isa = PBXBuildFile; fileRef = C3E140B21DD7F46A00C392D5 /* Main.storyboard */; };
		C3E140B61DD7F46A00C392D5 /* Assets.xcassets in Resources */ = {isa = PBXBuildFile; fileRef = C3E140B51DD7F46A00C392D5 /* Assets.xcassets */; };
		C3E140B91DD7F46A00C392D5 /* LaunchScreen.storyboard in Resources */ = {isa = PBXBuildFile; fileRef = C3E140B71DD7F46A00C392D5 /* LaunchScreen.storyboard */; };
		E6260E9C8DBD475E60B4653E /* Pods_VVenue.framework in Frameworks */ = {isa = PBXBuildFile; fileRef = 02F6D64E9B41B789D806A025 /* Pods_VVenue.framework */; };
/* End PBXBuildFile section */

/* Begin PBXFileReference section */
		02F6D64E9B41B789D806A025 /* Pods_VVenue.framework */ = {isa = PBXFileReference; explicitFileType = wrapper.framework; includeInIndex = 0; path = Pods_VVenue.framework; sourceTree = BUILT_PRODUCTS_DIR; };
		1DC5C9BC506C9C4F42C1B5FC /* Pods-VVenue.debug.xcconfig */ = {isa = PBXFileReference; includeInIndex = 1; lastKnownFileType = text.xcconfig; name = "Pods-VVenue.debug.xcconfig"; path = "Pods/Target Support Files/Pods-VVenue/Pods-VVenue.debug.xcconfig"; sourceTree = "<group>"; };
		96E7881F87877C211E6CE55A /* Pods-VVenue.release.xcconfig */ = {isa = PBXFileReference; includeInIndex = 1; lastKnownFileType = text.xcconfig; name = "Pods-VVenue.release.xcconfig"; path = "Pods/Target Support Files/Pods-VVenue/Pods-VVenue.release.xcconfig"; sourceTree = "<group>"; };
		C32EB4171DD8191C006A0504 /* PhotoColor.swift */ = {isa = PBXFileReference; fileEncoding = 4; lastKnownFileType = sourcecode.swift; path = PhotoColor.swift; sourceTree = "<group>"; };
		C332B2531DD85E890037A782 /* AudioKit.framework */ = {isa = PBXFileReference; lastKnownFileType = wrapper.framework; name = AudioKit.framework; path = Pods/AudioKit/iOS/AudioKit.framework; sourceTree = "<group>"; };
		C3995D521DD80F500017E5CB /* HostViewController.swift */ = {isa = PBXFileReference; fileEncoding = 4; lastKnownFileType = sourcecode.swift; path = HostViewController.swift; sourceTree = "<group>"; };
		C3995D541DD80FB20017E5CB /* Alamofire.framework */ = {isa = PBXFileReference; lastKnownFileType = wrapper.framework; name = Alamofire.framework; path = "../../../Library/Developer/Xcode/DerivedData/VVenue-ebodjcwtopbasubdpkldaahsqmnn/Build/Products/Debug-iphonesimulator/Alamofire/Alamofire.framework"; sourceTree = "<group>"; };
		C3995D551DD80FB20017E5CB /* SwiftyJSON.framework */ = {isa = PBXFileReference; lastKnownFileType = wrapper.framework; name = SwiftyJSON.framework; path = "../../../Library/Developer/Xcode/DerivedData/VVenue-ebodjcwtopbasubdpkldaahsqmnn/Build/Products/Debug-iphonesimulator/SwiftyJSON/SwiftyJSON.framework"; sourceTree = "<group>"; };
		C3995D581DD810830017E5CB /* AlertPresenter.swift */ = {isa = PBXFileReference; fileEncoding = 4; lastKnownFileType = sourcecode.swift; path = AlertPresenter.swift; sourceTree = "<group>"; };
		C3995D5B1DD810C60017E5CB /* ImageUploader.swift */ = {isa = PBXFileReference; fileEncoding = 4; lastKnownFileType = sourcecode.swift; path = ImageUploader.swift; sourceTree = "<group>"; };
		C3995D5D1DD810FF0017E5CB /* CustomAlertPresentationType.swift */ = {isa = PBXFileReference; fileEncoding = 4; lastKnownFileType = sourcecode.swift; path = CustomAlertPresentationType.swift; sourceTree = "<group>"; };
		C3995D601DD8115E0017E5CB /* UIViewController.swift */ = {isa = PBXFileReference; fileEncoding = 4; lastKnownFileType = sourcecode.swift; path = UIViewController.swift; sourceTree = "<group>"; };
		C3995D631DD811BF0017E5CB /* DynamicImageView.swift */ = {isa = PBXFileReference; fileEncoding = 4; lastKnownFileType = sourcecode.swift; path = DynamicImageView.swift; sourceTree = "<group>"; };
		C3A534A11DD8317E00FC3B41 /* Global.swift */ = {isa = PBXFileReference; fileEncoding = 4; lastKnownFileType = sourcecode.swift; path = Global.swift; sourceTree = "<group>"; };
		C3A534A31DD85B7700FC3B41 /* VerifyVoiceKeyViewController.swift */ = {isa = PBXFileReference; fileEncoding = 4; lastKnownFileType = sourcecode.swift; path = VerifyVoiceKeyViewController.swift; sourceTree = "<group>"; };
		C3A534A51DD85BEB00FC3B41 /* Speech.framework */ = {isa = PBXFileReference; lastKnownFileType = wrapper.framework; name = Speech.framework; path = System/Library/Frameworks/Speech.framework; sourceTree = SDKROOT; };
		C3E140AB1DD7F46A00C392D5 /* VVenue.app */ = {isa = PBXFileReference; explicitFileType = wrapper.application; includeInIndex = 0; path = VVenue.app; sourceTree = BUILT_PRODUCTS_DIR; };
		C3E140AE1DD7F46A00C392D5 /* AppDelegate.swift */ = {isa = PBXFileReference; lastKnownFileType = sourcecode.swift; path = AppDelegate.swift; sourceTree = "<group>"; };
		C3E140B31DD7F46A00C392D5 /* Base */ = {isa = PBXFileReference; lastKnownFileType = file.storyboard; name = Base; path = Base.lproj/Main.storyboard; sourceTree = "<group>"; };
		C3E140B51DD7F46A00C392D5 /* Assets.xcassets */ = {isa = PBXFileReference; lastKnownFileType = folder.assetcatalog; path = Assets.xcassets; sourceTree = "<group>"; };
		C3E140B81DD7F46A00C392D5 /* Base */ = {isa = PBXFileReference; lastKnownFileType = file.storyboard; name = Base; path = Base.lproj/LaunchScreen.storyboard; sourceTree = "<group>"; };
		C3E140BA1DD7F46A00C392D5 /* Info.plist */ = {isa = PBXFileReference; lastKnownFileType = text.plist.xml; path = Info.plist; sourceTree = "<group>"; };
/* End PBXFileReference section */

/* Begin PBXFrameworksBuildPhase section */
		C3E140A81DD7F46A00C392D5 /* Frameworks */ = {
			isa = PBXFrameworksBuildPhase;
			buildActionMask = 2147483647;
			files = (
				C3A534A61DD85BEB00FC3B41 /* Speech.framework in Frameworks */,
				C3995D561DD80FB20017E5CB /* Alamofire.framework in Frameworks */,
				C3995D571DD80FB20017E5CB /* SwiftyJSON.framework in Frameworks */,
				C332B2541DD85E890037A782 /* AudioKit.framework in Frameworks */,
				E6260E9C8DBD475E60B4653E /* Pods_VVenue.framework in Frameworks */,
			);
			runOnlyForDeploymentPostprocessing = 0;
		};
/* End PBXFrameworksBuildPhase section */

/* Begin PBXGroup section */
		076B857B4AD5F6684B033996 /* Frameworks */ = {
			isa = PBXGroup;
			children = (
				C332B2531DD85E890037A782 /* AudioKit.framework */,
				C3A534A51DD85BEB00FC3B41 /* Speech.framework */,
				C3995D541DD80FB20017E5CB /* Alamofire.framework */,
				C3995D551DD80FB20017E5CB /* SwiftyJSON.framework */,
				02F6D64E9B41B789D806A025 /* Pods_VVenue.framework */,
			);
			name = Frameworks;
			sourceTree = "<group>";
		};
		31CEF73BF2F4F9A25C9B06C9 /* Pods */ = {
			isa = PBXGroup;
			children = (
				1DC5C9BC506C9C4F42C1B5FC /* Pods-VVenue.debug.xcconfig */,
				96E7881F87877C211E6CE55A /* Pods-VVenue.release.xcconfig */,
			);
			name = Pods;
			sourceTree = "<group>";
		};
		C3995D5A1DD810930017E5CB /* Protocols */ = {
			isa = PBXGroup;
			children = (
				C3995D581DD810830017E5CB /* AlertPresenter.swift */,
				C3995D5B1DD810C60017E5CB /* ImageUploader.swift */,
			);
			name = Protocols;
			sourceTree = "<group>";
		};
		C3995D5F1DD8111F0017E5CB /* View Controllers */ = {
			isa = PBXGroup;
			children = (
				C3995D521DD80F500017E5CB /* HostViewController.swift */,
				C3A534A31DD85B7700FC3B41 /* VerifyVoiceKeyViewController.swift */,
			);
			name = "View Controllers";
			sourceTree = "<group>";
		};
		C3995D621DD811A00017E5CB /* Types */ = {
			isa = PBXGroup;
			children = (
				C3995D5D1DD810FF0017E5CB /* CustomAlertPresentationType.swift */,
				C3995D631DD811BF0017E5CB /* DynamicImageView.swift */,
				C32EB4171DD8191C006A0504 /* PhotoColor.swift */,
			);
			name = Types;
			sourceTree = "<group>";
		};
		C3E140A21DD7F46A00C392D5 = {
			isa = PBXGroup;
			children = (
				C3E140AD1DD7F46A00C392D5 /* VVenue */,
				C3E140AC1DD7F46A00C392D5 /* Products */,
				31CEF73BF2F4F9A25C9B06C9 /* Pods */,
				076B857B4AD5F6684B033996 /* Frameworks */,
			);
			sourceTree = "<group>";
		};
		C3E140AC1DD7F46A00C392D5 /* Products */ = {
			isa = PBXGroup;
			children = (
				C3E140AB1DD7F46A00C392D5 /* VVenue.app */,
			);
			name = Products;
			sourceTree = "<group>";
		};
		C3E140AD1DD7F46A00C392D5 /* VVenue */ = {
			isa = PBXGroup;
			children = (
				C3995D5A1DD810930017E5CB /* Protocols */,
				C3995D621DD811A00017E5CB /* Types */,
				C3995D5F1DD8111F0017E5CB /* View Controllers */,
				C3E140AE1DD7F46A00C392D5 /* AppDelegate.swift */,
				C3995D601DD8115E0017E5CB /* UIViewController.swift */,
				C3A534A11DD8317E00FC3B41 /* Global.swift */,
				C3E140B21DD7F46A00C392D5 /* Main.storyboard */,
				C3E140B71DD7F46A00C392D5 /* LaunchScreen.storyboard */,
				C3E140B51DD7F46A00C392D5 /* Assets.xcassets */,
				C3E140BA1DD7F46A00C392D5 /* Info.plist */,
			);
			path = VVenue;
			sourceTree = "<group>";
		};
/* End PBXGroup section */

/* Begin PBXNativeTarget section */
		C3E140AA1DD7F46A00C392D5 /* VVenue */ = {
			isa = PBXNativeTarget;
			buildConfigurationList = C3E140BD1DD7F46A00C392D5 /* Build configuration list for PBXNativeTarget "VVenue" */;
			buildPhases = (
				9DE3A6B03C9F4FA0838BAB0C /* [CP] Check Pods Manifest.lock */,
				C3E140A71DD7F46A00C392D5 /* Sources */,
				C3E140A81DD7F46A00C392D5 /* Frameworks */,
				C3E140A91DD7F46A00C392D5 /* Resources */,
				6D1BE3551E6A33C53AB96538 /* [CP] Embed Pods Frameworks */,
				3DE2AF56FB1963071A103EC2 /* [CP] Copy Pods Resources */,
			);
			buildRules = (
			);
			dependencies = (
			);
			name = VVenue;
			productName = VVenue;
			productReference = C3E140AB1DD7F46A00C392D5 /* VVenue.app */;
			productType = "com.apple.product-type.application";
		};
/* End PBXNativeTarget section */

/* Begin PBXProject section */
		C3E140A31DD7F46A00C392D5 /* Project object */ = {
			isa = PBXProject;
			attributes = {
				LastSwiftUpdateCheck = 0810;
				LastUpgradeCheck = 0810;
				ORGANIZATIONNAME = "Cassidy Wang";
				TargetAttributes = {
					C3E140AA1DD7F46A00C392D5 = {
						CreatedOnToolsVersion = 8.1;
						DevelopmentTeam = 7J6V48N9GQ;
						ProvisioningStyle = Automatic;
					};
				};
			};
			buildConfigurationList = C3E140A61DD7F46A00C392D5 /* Build configuration list for PBXProject "VVenue" */;
			compatibilityVersion = "Xcode 3.2";
			developmentRegion = English;
			hasScannedForEncodings = 0;
			knownRegions = (
				en,
				Base,
			);
			mainGroup = C3E140A21DD7F46A00C392D5;
			productRefGroup = C3E140AC1DD7F46A00C392D5 /* Products */;
			projectDirPath = "";
			projectRoot = "";
			targets = (
				C3E140AA1DD7F46A00C392D5 /* VVenue */,
			);
		};
/* End PBXProject section */

/* Begin PBXResourcesBuildPhase section */
		C3E140A91DD7F46A00C392D5 /* Resources */ = {
			isa = PBXResourcesBuildPhase;
			buildActionMask = 2147483647;
			files = (
				C3E140B91DD7F46A00C392D5 /* LaunchScreen.storyboard in Resources */,
				C3E140B61DD7F46A00C392D5 /* Assets.xcassets in Resources */,
				C3E140B41DD7F46A00C392D5 /* Main.storyboard in Resources */,
			);
			runOnlyForDeploymentPostprocessing = 0;
		};
/* End PBXResourcesBuildPhase section */

/* Begin PBXShellScriptBuildPhase section */
		3DE2AF56FB1963071A103EC2 /* [CP] Copy Pods Resources */ = {
			isa = PBXShellScriptBuildPhase;
			buildActionMask = 2147483647;
			files = (
			);
			inputPaths = (
			);
			name = "[CP] Copy Pods Resources";
			outputPaths = (
			);
			runOnlyForDeploymentPostprocessing = 0;
			shellPath = /bin/sh;
			shellScript = "\"${SRCROOT}/Pods/Target Support Files/Pods-VVenue/Pods-VVenue-resources.sh\"\n";
			showEnvVarsInLog = 0;
		};
		6D1BE3551E6A33C53AB96538 /* [CP] Embed Pods Frameworks */ = {
			isa = PBXShellScriptBuildPhase;
			buildActionMask = 2147483647;
			files = (
			);
			inputPaths = (
			);
			name = "[CP] Embed Pods Frameworks";
			outputPaths = (
			);
			runOnlyForDeploymentPostprocessing = 0;
			shellPath = /bin/sh;
			shellScript = "\"${SRCROOT}/Pods/Target Support Files/Pods-VVenue/Pods-VVenue-frameworks.sh\"\n";
			showEnvVarsInLog = 0;
		};
		9DE3A6B03C9F4FA0838BAB0C /* [CP] Check Pods Manifest.lock */ = {
			isa = PBXShellScriptBuildPhase;
			buildActionMask = 2147483647;
			files = (
			);
			inputPaths = (
			);
			name = "[CP] Check Pods Manifest.lock";
			outputPaths = (
			);
			runOnlyForDeploymentPostprocessing = 0;
			shellPath = /bin/sh;
			shellScript = "diff \"${PODS_ROOT}/../Podfile.lock\" \"${PODS_ROOT}/Manifest.lock\" > /dev/null\nif [ $? != 0 ] ; then\n    # print error to STDERR\n    echo \"error: The sandbox is not in sync with the Podfile.lock. Run 'pod install' or update your CocoaPods installation.\" >&2\n    exit 1\nfi\n";
			showEnvVarsInLog = 0;
		};
/* End PBXShellScriptBuildPhase section */

/* Begin PBXSourcesBuildPhase section */
		C3E140A71DD7F46A00C392D5 /* Sources */ = {
			isa = PBXSourcesBuildPhase;
			buildActionMask = 2147483647;
			files = (
				C3995D531DD80F500017E5CB /* HostViewController.swift in Sources */,
				C3995D5C1DD810C60017E5CB /* ImageUploader.swift in Sources */,
				C3995D611DD8115E0017E5CB /* UIViewController.swift in Sources */,
				C3995D5E1DD810FF0017E5CB /* CustomAlertPresentationType.swift in Sources */,
				C32EB4181DD8191C006A0504 /* PhotoColor.swift in Sources */,
				C3E140AF1DD7F46A00C392D5 /* AppDelegate.swift in Sources */,
				C3A534A41DD85B7700FC3B41 /* VerifyVoiceKeyViewController.swift in Sources */,
				C3995D591DD810830017E5CB /* AlertPresenter.swift in Sources */,
				C3995D641DD811BF0017E5CB /* DynamicImageView.swift in Sources */,
				C3A534A21DD8317E00FC3B41 /* Global.swift in Sources */,
			);
			runOnlyForDeploymentPostprocessing = 0;
		};
/* End PBXSourcesBuildPhase section */

/* Begin PBXVariantGroup section */
		C3E140B21DD7F46A00C392D5 /* Main.storyboard */ = {
			isa = PBXVariantGroup;
			children = (
				C3E140B31DD7F46A00C392D5 /* Base */,
			);
			name = Main.storyboard;
			sourceTree = "<group>";
		};
		C3E140B71DD7F46A00C392D5 /* LaunchScreen.storyboard */ = {
			isa = PBXVariantGroup;
			children = (
				C3E140B81DD7F46A00C392D5 /* Base */,
			);
			name = LaunchScreen.storyboard;
			sourceTree = "<group>";
		};
/* End PBXVariantGroup section */

/* Begin XCBuildConfiguration section */
		C3E140BB1DD7F46A00C392D5 /* Debug */ = {
			isa = XCBuildConfiguration;
			buildSettings = {
				ALWAYS_SEARCH_USER_PATHS = NO;
				CLANG_ANALYZER_NONNULL = YES;
				CLANG_CXX_LANGUAGE_STANDARD = "gnu++0x";
				CLANG_CXX_LIBRARY = "libc++";
				CLANG_ENABLE_MODULES = YES;
				CLANG_ENABLE_OBJC_ARC = YES;
				CLANG_WARN_BOOL_CONVERSION = YES;
				CLANG_WARN_CONSTANT_CONVERSION = YES;
				CLANG_WARN_DIRECT_OBJC_ISA_USAGE = YES_ERROR;
				CLANG_WARN_DOCUMENTATION_COMMENTS = YES;
				CLANG_WARN_EMPTY_BODY = YES;
				CLANG_WARN_ENUM_CONVERSION = YES;
				CLANG_WARN_INFINITE_RECURSION = YES;
				CLANG_WARN_INT_CONVERSION = YES;
				CLANG_WARN_OBJC_ROOT_CLASS = YES_ERROR;
				CLANG_WARN_SUSPICIOUS_MOVE = YES;
				CLANG_WARN_SUSPICIOUS_MOVES = YES;
				CLANG_WARN_UNREACHABLE_CODE = YES;
				CLANG_WARN__DUPLICATE_METHOD_MATCH = YES;
				CODE_SIGN_IDENTITY = "iPhone Developer";
				"CODE_SIGN_IDENTITY[sdk=iphoneos*]" = "iPhone Developer";
				COPY_PHASE_STRIP = NO;
				DEBUG_INFORMATION_FORMAT = dwarf;
				ENABLE_STRICT_OBJC_MSGSEND = YES;
				ENABLE_TESTABILITY = YES;
				GCC_C_LANGUAGE_STANDARD = gnu99;
				GCC_DYNAMIC_NO_PIC = NO;
				GCC_NO_COMMON_BLOCKS = YES;
				GCC_OPTIMIZATION_LEVEL = 0;
				GCC_PREPROCESSOR_DEFINITIONS = (
					"DEBUG=1",
					"$(inherited)",
				);
				GCC_WARN_64_TO_32_BIT_CONVERSION = YES;
				GCC_WARN_ABOUT_RETURN_TYPE = YES_ERROR;
				GCC_WARN_UNDECLARED_SELECTOR = YES;
				GCC_WARN_UNINITIALIZED_AUTOS = YES_AGGRESSIVE;
				GCC_WARN_UNUSED_FUNCTION = YES;
				GCC_WARN_UNUSED_VARIABLE = YES;
				IPHONEOS_DEPLOYMENT_TARGET = 10.1;
				MTL_ENABLE_DEBUG_INFO = YES;
				ONLY_ACTIVE_ARCH = YES;
				SDKROOT = iphoneos;
				SWIFT_ACTIVE_COMPILATION_CONDITIONS = DEBUG;
				SWIFT_OPTIMIZATION_LEVEL = "-Onone";
				TARGETED_DEVICE_FAMILY = "1,2";
			};
			name = Debug;
		};
		C3E140BC1DD7F46A00C392D5 /* Release */ = {
			isa = XCBuildConfiguration;
			buildSettings = {
				ALWAYS_SEARCH_USER_PATHS = NO;
				CLANG_ANALYZER_NONNULL = YES;
				CLANG_CXX_LANGUAGE_STANDARD = "gnu++0x";
				CLANG_CXX_LIBRARY = "libc++";
				CLANG_ENABLE_MODULES = YES;
				CLANG_ENABLE_OBJC_ARC = YES;
				CLANG_WARN_BOOL_CONVERSION = YES;
				CLANG_WARN_CONSTANT_CONVERSION = YES;
				CLANG_WARN_DIRECT_OBJC_ISA_USAGE = YES_ERROR;
				CLANG_WARN_DOCUMENTATION_COMMENTS = YES;
				CLANG_WARN_EMPTY_BODY = YES;
				CLANG_WARN_ENUM_CONVERSION = YES;
				CLANG_WARN_INFINITE_RECURSION = YES;
				CLANG_WARN_INT_CONVERSION = YES;
				CLANG_WARN_OBJC_ROOT_CLASS = YES_ERROR;
				CLANG_WARN_SUSPICIOUS_MOVE = YES;
				CLANG_WARN_SUSPICIOUS_MOVES = YES;
				CLANG_WARN_UNREACHABLE_CODE = YES;
				CLANG_WARN__DUPLICATE_METHOD_MATCH = YES;
				CODE_SIGN_IDENTITY = "iPhone Developer";
				"CODE_SIGN_IDENTITY[sdk=iphoneos*]" = "iPhone Developer";
				COPY_PHASE_STRIP = NO;
				DEBUG_INFORMATION_FORMAT = "dwarf-with-dsym";
				ENABLE_NS_ASSERTIONS = NO;
				ENABLE_STRICT_OBJC_MSGSEND = YES;
				GCC_C_LANGUAGE_STANDARD = gnu99;
				GCC_NO_COMMON_BLOCKS = YES;
				GCC_WARN_64_TO_32_BIT_CONVERSION = YES;
				GCC_WARN_ABOUT_RETURN_TYPE = YES_ERROR;
				GCC_WARN_UNDECLARED_SELECTOR = YES;
				GCC_WARN_UNINITIALIZED_AUTOS = YES_AGGRESSIVE;
				GCC_WARN_UNUSED_FUNCTION = YES;
				GCC_WARN_UNUSED_VARIABLE = YES;
				IPHONEOS_DEPLOYMENT_TARGET = 10.1;
				MTL_ENABLE_DEBUG_INFO = NO;
				SDKROOT = iphoneos;
				SWIFT_OPTIMIZATION_LEVEL = "-Owholemodule";
				TARGETED_DEVICE_FAMILY = "1,2";
				VALIDATE_PRODUCT = YES;
			};
			name = Release;
		};
		C3E140BE1DD7F46A00C392D5 /* Debug */ = {
			isa = XCBuildConfiguration;
			baseConfigurationReference = 1DC5C9BC506C9C4F42C1B5FC /* Pods-VVenue.debug.xcconfig */;
			buildSettings = {
				ALWAYS_EMBED_SWIFT_STANDARD_LIBRARIES = YES;
				ASSETCATALOG_COMPILER_APPICON_NAME = AppIcon;
				CODE_SIGN_IDENTITY = "iPhone Developer";
				"CODE_SIGN_IDENTITY[sdk=iphoneos*]" = "iPhone Developer";
				DEVELOPMENT_TEAM = 7J6V48N9GQ;
				FRAMEWORK_SEARCH_PATHS = (
					"$(inherited)",
					"$(PROJECT_DIR)/Pods/AudioKit/iOS",
				);
				INFOPLIST_FILE = VVenue/Info.plist;
				LD_RUNPATH_SEARCH_PATHS = "$(inherited) @executable_path/Frameworks";
				PRODUCT_BUNDLE_IDENTIFIER = xyz.cassidywang.VVenue;
				PRODUCT_NAME = "$(TARGET_NAME)";
				SWIFT_VERSION = 3.0;
			};
			name = Debug;
		};
		C3E140BF1DD7F46A00C392D5 /* Release */ = {
			isa = XCBuildConfiguration;
			baseConfigurationReference = 96E7881F87877C211E6CE55A /* Pods-VVenue.release.xcconfig */;
			buildSettings = {
				ALWAYS_EMBED_SWIFT_STANDARD_LIBRARIES = YES;
				ASSETCATALOG_COMPILER_APPICON_NAME = AppIcon;
				CODE_SIGN_IDENTITY = "iPhone Developer";
				"CODE_SIGN_IDENTITY[sdk=iphoneos*]" = "iPhone Developer";
				DEVELOPMENT_TEAM = 7J6V48N9GQ;
				FRAMEWORK_SEARCH_PATHS = (
					"$(inherited)",
					"$(PROJECT_DIR)/Pods/AudioKit/iOS",
				);
				INFOPLIST_FILE = VVenue/Info.plist;
				LD_RUNPATH_SEARCH_PATHS = "$(inherited) @executable_path/Frameworks";
				PRODUCT_BUNDLE_IDENTIFIER = xyz.cassidywang.VVenue;
				PRODUCT_NAME = "$(TARGET_NAME)";
				SWIFT_VERSION = 3.0;
			};
			name = Release;
		};
/* End XCBuildConfiguration section */

/* Begin XCConfigurationList section */
		C3E140A61DD7F46A00C392D5 /* Build configuration list for PBXProject "VVenue" */ = {
			isa = XCConfigurationList;
			buildConfigurations = (
				C3E140BB1DD7F46A00C392D5 /* Debug */,
				C3E140BC1DD7F46A00C392D5 /* Release */,
			);
			defaultConfigurationIsVisible = 0;
			defaultConfigurationName = Release;
		};
		C3E140BD1DD7F46A00C392D5 /* Build configuration list for PBXNativeTarget "VVenue" */ = {
			isa = XCConfigurationList;
			buildConfigurations = (
				C3E140BE1DD7F46A00C392D5 /* Debug */,
				C3E140BF1DD7F46A00C392D5 /* Release */,
			);
			defaultConfigurationIsVisible = 0;
			defaultConfigurationName = Release;
		};
/* End XCConfigurationList section */
	};
	rootObject = C3E140A31DD7F46A00C392D5 /* Project object */;
}
